
Microsoft Visual Studio Solution File, Format Version 12.00
# Visual Studio 14
VisualStudioVersion = 14.0.23107.0
MinimumVisualStudioVersion = 10.0.40219.1
Project("{FAE04EC0-301F-11D3-BF4B-00C04F79EFBC}") = "01_SequencesOfLimitedSum", "01_SequencesOfLimitedSum\01_SequencesOfLimitedSum.csproj", "{BFF7984D-F64B-40C9-9F64-069FFC83F9A2}"
EndProject
Project("{FAE04EC0-301F-11D3-BF4B-00C04F79EFBC}") = "02_Non-CrossingBridges", "02_Non-CrossingBridges\02_Non-CrossingBridges.csproj", "{20DD610F-B0D4-425E-A44D-FB9BC2EF5F7A}"
EndProject
Project("{FAE04EC0-301F-11D3-BF4B-00C04F79EFBC}") = "03_MessageSharing", "03_MessageSharing\03_MessageSharing.csproj", "{9DE327FC-4467-434D-A960-211CD75F8B4E}"
EndProject
Project("{FAE04EC0-301F-11D3-BF4B-00C04F79EFBC}") = "04_NestedRectangles", "04_NestedRectangles\04_NestedRectangles.csproj", "{C298EE7C-B4E1-4E82-9C59-3A793065EEAE}"
EndProject
Global
	GlobalSection(SolutionConfigurationPlatforms) = preSolution
		Debug|Any CPU = Debug|Any CPU
		Release|Any CPU = Release|Any CPU
	EndGlobalSection
	GlobalSection(ProjectConfigurationPlatforms) = postSolution
		{BFF7984D-F64B-40C9-9F64-069FFC83F9A2}.Debug|Any CPU.ActiveCfg = Debug|Any CPU
		{BFF7984D-F64B-40C9-9F64-069FFC83F9A2}.Debug|Any CPU.Build.0 = Debug|Any CPU
		{BFF7984D-F64B-40C9-9F64-069FFC83F9A2}.Release|Any CPU.ActiveCfg = Release|Any CPU
		{BFF7984D-F64B-40C9-9F64-069FFC83F9A2}.Release|Any CPU.Build.0 = Release|Any CPU
		{20DD610F-B0D4-425E-A44D-FB9BC2EF5F7A}.Debug|Any CPU.ActiveCfg = Debug|Any CPU
		{20DD610F-B0D4-425E-A44D-FB9BC2EF5F7A}.Debug|Any CPU.Build.0 = Debug|Any CPU
		{20DD610F-B0D4-425E-A44D-FB9BC2EF5F7A}.Release|Any CPU.ActiveCfg = Release|Any CPU
		{20DD610F-B0D4-425E-A44D-FB9BC2EF5F7A}.Release|Any CPU.Build.0 = Release|Any CPU
		{9DE327FC-4467-434D-A960-211CD75F8B4E}.Debug|Any CPU.ActiveCfg = Debug|Any CPU
		{9DE327FC-4467-434D-A960-211CD75F8B4E}.Debug|Any CPU.Build.0 = Debug|Any CPU
		{9DE327FC-4467-434D-A960-211CD75F8B4E}.Release|Any CPU.ActiveCfg = Release|Any CPU
		{9DE327FC-4467-434D-A960-211CD75F8B4E}.Release|Any CPU.Build.0 = Release|Any CPU
		{C298EE7C-B4E1-4E82-9C59-3A793065EEAE}.Debug|Any CPU.ActiveCfg = Debug|Any CPU
		{C298EE7C-B4E1-4E82-9C59-3A793065EEAE}.Debug|Any CPU.Build.0 = Debug|Any CPU
		{C298EE7C-B4E1-4E82-9C59-3A793065EEAE}.Release|Any CPU.ActiveCfg = Release|Any CPU
		{C298EE7C-B4E1-4E82-9C59-3A793065EEAE}.Release|Any CPU.Build.0 = Release|Any CPU
	EndGlobalSection
	GlobalSection(SolutionProperties) = preSolution
		HideSolutionNode = FALSE
	EndGlobalSection
EndGlobal
